
Microsoft Visual Studio Solution File, Format Version 12.00
Project("{FAE04EC0-301F-11D3-BF4B-00C04F79EFBC}") = "FileLoader", "FileLoader\FileLoader.csproj", "{7AA6C9CB-C523-45B8-8593-0977E34417A4}"
EndProject
Global
	GlobalSection(SolutionConfigurationPlatforms) = preSolution
		Debug|Any CPU = Debug|Any CPU
		Release|Any CPU = Release|Any CPU
	EndGlobalSection
	GlobalSection(ProjectConfigurationPlatforms) = postSolution
		{7AA6C9CB-C523-45B8-8593-0977E34417A4}.Debug|Any CPU.ActiveCfg = Debug|Any CPU
		{7AA6C9CB-C523-45B8-8593-0977E34417A4}.Debug|Any CPU.Build.0 = Debug|Any CPU
		{7AA6C9CB-C523-45B8-8593-0977E34417A4}.Release|Any CPU.ActiveCfg = Release|Any CPU
		{7AA6C9CB-C523-45B8-8593-0977E34417A4}.Release|Any CPU.Build.0 = Release|Any CPU
	EndGlobalSection
EndGlobal
